// !$*UTF8*$!
{
	archiveVersion = 1;
	classes = {
	};
	objectVersion = 52;
	objects = {

/* Begin PBXBuildFile section */
		D035F83E244F16B9005FC1C3 /* DrawerView.swift in Sources */ = {isa = PBXBuildFile; fileRef = D035F83D244F16B9005FC1C3 /* DrawerView.swift */; };
		D035F840244F1D5A005FC1C3 /* GeneralSetting.swift in Sources */ = {isa = PBXBuildFile; fileRef = D035F83F244F1D5A005FC1C3 /* GeneralSetting.swift */; };
		D035F860244F4224005FC1C3 /* NavigationStack in Frameworks */ = {isa = PBXBuildFile; productRef = D035F85F244F4224005FC1C3 /* NavigationStack */; };
		D03A97EB244E72340059F752 /* ASCollectionView in Frameworks */ = {isa = PBXBuildFile; productRef = D03A97EA244E72340059F752 /* ASCollectionView */; };
		D03CE2CB244C890F000A1717 /* HomeModel.swift in Sources */ = {isa = PBXBuildFile; fileRef = D03CE2CA244C890F000A1717 /* HomeModel.swift */; };
		D03CE2CE244C892E000A1717 /* WebServices.swift in Sources */ = {isa = PBXBuildFile; fileRef = D03CE2CD244C892E000A1717 /* WebServices.swift */; };
		D03CE2D1244C8CC9000A1717 /* PostListViewModel.swift in Sources */ = {isa = PBXBuildFile; fileRef = D03CE2D0244C8CC9000A1717 /* PostListViewModel.swift */; };
		D0B6FAF6244B871E007EABA0 /* HomeView.swift in Sources */ = {isa = PBXBuildFile; fileRef = D0B6FAF5244B871D007EABA0 /* HomeView.swift */; };
		D0B6FAF8244BE276007EABA0 /* CommerceDetails.swift in Sources */ = {isa = PBXBuildFile; fileRef = D0B6FAF7244BE276007EABA0 /* CommerceDetails.swift */; };
		D0B6FAFA244C016E007EABA0 /* HostingController.swift in Sources */ = {isa = PBXBuildFile; fileRef = D0B6FAF9244C016E007EABA0 /* HostingController.swift */; };
		D0E5711E244928A70098571F /* AppDelegate.swift in Sources */ = {isa = PBXBuildFile; fileRef = D0E5711D244928A70098571F /* AppDelegate.swift */; };
		D0E57120244928A70098571F /* SceneDelegate.swift in Sources */ = {isa = PBXBuildFile; fileRef = D0E5711F244928A70098571F /* SceneDelegate.swift */; };
		D0E57122244928A70098571F /* ContentView.swift in Sources */ = {isa = PBXBuildFile; fileRef = D0E57121244928A70098571F /* ContentView.swift */; };
		D0E57124244928AD0098571F /* Assets.xcassets in Resources */ = {isa = PBXBuildFile; fileRef = D0E57123244928AD0098571F /* Assets.xcassets */; };
		D0E57127244928AD0098571F /* Preview Assets.xcassets in Resources */ = {isa = PBXBuildFile; fileRef = D0E57126244928AD0098571F /* Preview Assets.xcassets */; };
		D0E5712A244928AD0098571F /* LaunchScreen.storyboard in Resources */ = {isa = PBXBuildFile; fileRef = D0E57128244928AD0098571F /* LaunchScreen.storyboard */; };
		D0E57136244936A00098571F /* RemoteImage in Frameworks */ = {isa = PBXBuildFile; productRef = D0E57135244936A00098571F /* RemoteImage */; };
		D0FCE117244D402700CDE29A /* Alamofire in Frameworks */ = {isa = PBXBuildFile; productRef = D0FCE116244D402700CDE29A /* Alamofire */; };
		D0FCE11A244D40C200CDE29A /* SwiftyJSON in Frameworks */ = {isa = PBXBuildFile; productRef = D0FCE119244D40C200CDE29A /* SwiftyJSON */; };
/* End PBXBuildFile section */

/* Begin PBXFileReference section */
		D035F83D244F16B9005FC1C3 /* DrawerView.swift */ = {isa = PBXFileReference; lastKnownFileType = sourcecode.swift; path = DrawerView.swift; sourceTree = "<group>"; };
		D035F83F244F1D5A005FC1C3 /* GeneralSetting.swift */ = {isa = PBXFileReference; lastKnownFileType = sourcecode.swift; path = GeneralSetting.swift; sourceTree = "<group>"; };
		D03CE2CA244C890F000A1717 /* HomeModel.swift */ = {isa = PBXFileReference; lastKnownFileType = sourcecode.swift; path = HomeModel.swift; sourceTree = "<group>"; };
		D03CE2CD244C892E000A1717 /* WebServices.swift */ = {isa = PBXFileReference; lastKnownFileType = sourcecode.swift; path = WebServices.swift; sourceTree = "<group>"; };
		D03CE2D0244C8CC9000A1717 /* PostListViewModel.swift */ = {isa = PBXFileReference; lastKnownFileType = sourcecode.swift; path = PostListViewModel.swift; sourceTree = "<group>"; };
		D0B6FAF5244B871D007EABA0 /* HomeView.swift */ = {isa = PBXFileReference; lastKnownFileType = sourcecode.swift; path = HomeView.swift; sourceTree = "<group>"; };
		D0B6FAF7244BE276007EABA0 /* CommerceDetails.swift */ = {isa = PBXFileReference; lastKnownFileType = sourcecode.swift; path = CommerceDetails.swift; sourceTree = "<group>"; };
		D0B6FAF9244C016E007EABA0 /* HostingController.swift */ = {isa = PBXFileReference; lastKnownFileType = sourcecode.swift; path = HostingController.swift; sourceTree = "<group>"; };
		D0E5711A244928A70098571F /* zupp.app */ = {isa = PBXFileReference; explicitFileType = wrapper.application; includeInIndex = 0; path = zupp.app; sourceTree = BUILT_PRODUCTS_DIR; };
		D0E5711D244928A70098571F /* AppDelegate.swift */ = {isa = PBXFileReference; lastKnownFileType = sourcecode.swift; path = AppDelegate.swift; sourceTree = "<group>"; };
		D0E5711F244928A70098571F /* SceneDelegate.swift */ = {isa = PBXFileReference; lastKnownFileType = sourcecode.swift; path = SceneDelegate.swift; sourceTree = "<group>"; };
		D0E57121244928A70098571F /* ContentView.swift */ = {isa = PBXFileReference; lastKnownFileType = sourcecode.swift; path = ContentView.swift; sourceTree = "<group>"; };
		D0E57123244928AD0098571F /* Assets.xcassets */ = {isa = PBXFileReference; lastKnownFileType = folder.assetcatalog; path = Assets.xcassets; sourceTree = "<group>"; };
		D0E57126244928AD0098571F /* Preview Assets.xcassets */ = {isa = PBXFileReference; lastKnownFileType = folder.assetcatalog; path = "Preview Assets.xcassets"; sourceTree = "<group>"; };
		D0E57129244928AD0098571F /* Base */ = {isa = PBXFileReference; lastKnownFileType = file.storyboard; name = Base; path = Base.lproj/LaunchScreen.storyboard; sourceTree = "<group>"; };
		D0E5712B244928AD0098571F /* Info.plist */ = {isa = PBXFileReference; lastKnownFileType = text.plist.xml; path = Info.plist; sourceTree = "<group>"; };
/* End PBXFileReference section */

/* Begin PBXFrameworksBuildPhase section */
		D0E57117244928A70098571F /* Frameworks */ = {
			isa = PBXFrameworksBuildPhase;
			buildActionMask = 2147483647;
			files = (
				D0FCE11A244D40C200CDE29A /* SwiftyJSON in Frameworks */,
				D0E57136244936A00098571F /* RemoteImage in Frameworks */,
				D035F860244F4224005FC1C3 /* NavigationStack in Frameworks */,
				D0FCE117244D402700CDE29A /* Alamofire in Frameworks */,
				D03A97EB244E72340059F752 /* ASCollectionView in Frameworks */,
			);
			runOnlyForDeploymentPostprocessing = 0;
		};
/* End PBXFrameworksBuildPhase section */

/* Begin PBXGroup section */
		D03CE2C9244C88FA000A1717 /* Models */ = {
			isa = PBXGroup;
			children = (
				D03CE2CA244C890F000A1717 /* HomeModel.swift */,
			);
			path = Models;
			sourceTree = "<group>";
		};
		D03CE2CC244C891C000A1717 /* Services */ = {
			isa = PBXGroup;
			children = (
				D03CE2CD244C892E000A1717 /* WebServices.swift */,
			);
			path = Services;
			sourceTree = "<group>";
		};
		D03CE2CF244C8CAB000A1717 /* View Models */ = {
			isa = PBXGroup;
			children = (
				D03CE2D0244C8CC9000A1717 /* PostListViewModel.swift */,
				D035F83F244F1D5A005FC1C3 /* GeneralSetting.swift */,
			);
			path = "View Models";
			sourceTree = "<group>";
		};
		D0E57111244928A70098571F = {
			isa = PBXGroup;
			children = (
				D0E5711C244928A70098571F /* zupp */,
				D0E5711B244928A70098571F /* Products */,
			);
			sourceTree = "<group>";
		};
		D0E5711B244928A70098571F /* Products */ = {
			isa = PBXGroup;
			children = (
				D0E5711A244928A70098571F /* zupp.app */,
			);
			name = Products;
			sourceTree = "<group>";
		};
		D0E5711C244928A70098571F /* zupp */ = {
			isa = PBXGroup;
			children = (
				D03CE2CF244C8CAB000A1717 /* View Models */,
				D03CE2CC244C891C000A1717 /* Services */,
				D03CE2C9244C88FA000A1717 /* Models */,
				D0E5711D244928A70098571F /* AppDelegate.swift */,
				D035F83D244F16B9005FC1C3 /* DrawerView.swift */,
				D0E5711F244928A70098571F /* SceneDelegate.swift */,
				D0E57121244928A70098571F /* ContentView.swift */,
				D0B6FAF9244C016E007EABA0 /* HostingController.swift */,
				D0B6FAF7244BE276007EABA0 /* CommerceDetails.swift */,
				D0B6FAF5244B871D007EABA0 /* HomeView.swift */,
				D0E57123244928AD0098571F /* Assets.xcassets */,
				D0E57128244928AD0098571F /* LaunchScreen.storyboard */,
				D0E5712B244928AD0098571F /* Info.plist */,
				D0E57125244928AD0098571F /* Preview Content */,
			);
			path = zupp;
			sourceTree = "<group>";
		};
		D0E57125244928AD0098571F /* Preview Content */ = {
			isa = PBXGroup;
			children = (
				D0E57126244928AD0098571F /* Preview Assets.xcassets */,
			);
			path = "Preview Content";
			sourceTree = "<group>";
		};
/* End PBXGroup section */

/* Begin PBXNativeTarget section */
		D0E57119244928A70098571F /* zupp */ = {
			isa = PBXNativeTarget;
			buildConfigurationList = D0E5712E244928AD0098571F /* Build configuration list for PBXNativeTarget "zupp" */;
			buildPhases = (
				D0E57116244928A70098571F /* Sources */,
				D0E57117244928A70098571F /* Frameworks */,
				D0E57118244928A70098571F /* Resources */,
			);
			buildRules = (
			);
			dependencies = (
			);
			name = zupp;
			packageProductDependencies = (
				D0E57135244936A00098571F /* RemoteImage */,
				D0FCE116244D402700CDE29A /* Alamofire */,
				D0FCE119244D40C200CDE29A /* SwiftyJSON */,
				D03A97EA244E72340059F752 /* ASCollectionView */,
				D035F85F244F4224005FC1C3 /* NavigationStack */,
			);
			productName = zupp;
			productReference = D0E5711A244928A70098571F /* zupp.app */;
			productType = "com.apple.product-type.application";
		};
/* End PBXNativeTarget section */

/* Begin PBXProject section */
		D0E57112244928A70098571F /* Project object */ = {
			isa = PBXProject;
			attributes = {
				LastSwiftUpdateCheck = 1140;
				LastUpgradeCheck = 1140;
				ORGANIZATIONNAME = MacbookAir;
				TargetAttributes = {
					D0E57119244928A70098571F = {
						CreatedOnToolsVersion = 11.4;
					};
				};
			};
			buildConfigurationList = D0E57115244928A70098571F /* Build configuration list for PBXProject "zupp" */;
			compatibilityVersion = "Xcode 9.3";
			developmentRegion = en;
			hasScannedForEncodings = 0;
			knownRegions = (
				en,
				Base,
			);
			mainGroup = D0E57111244928A70098571F;
			packageReferences = (
				D0E57134244936A00098571F /* XCRemoteSwiftPackageReference "RemoteImage" */,
				D0FCE115244D402700CDE29A /* XCRemoteSwiftPackageReference "Alamofire" */,
				D0FCE118244D40C200CDE29A /* XCRemoteSwiftPackageReference "SwiftyJSON" */,
				D03A97E9244E72340059F752 /* XCRemoteSwiftPackageReference "ASCollectionView" */,
				D035F85E244F4224005FC1C3 /* XCRemoteSwiftPackageReference "swiftui-navigation-stack" */,
			);
			productRefGroup = D0E5711B244928A70098571F /* Products */;
			projectDirPath = "";
			projectRoot = "";
			targets = (
				D0E57119244928A70098571F /* zupp */,
			);
		};
/* End PBXProject section */

/* Begin PBXResourcesBuildPhase section */
		D0E57118244928A70098571F /* Resources */ = {
			isa = PBXResourcesBuildPhase;
			buildActionMask = 2147483647;
			files = (
				D0E5712A244928AD0098571F /* LaunchScreen.storyboard in Resources */,
				D0E57127244928AD0098571F /* Preview Assets.xcassets in Resources */,
				D0E57124244928AD0098571F /* Assets.xcassets in Resources */,
			);
			runOnlyForDeploymentPostprocessing = 0;
		};
/* End PBXResourcesBuildPhase section */

/* Begin PBXSourcesBuildPhase section */
		D0E57116244928A70098571F /* Sources */ = {
			isa = PBXSourcesBuildPhase;
			buildActionMask = 2147483647;
			files = (
				D0B6FAFA244C016E007EABA0 /* HostingController.swift in Sources */,
				D0E5711E244928A70098571F /* AppDelegate.swift in Sources */,
				D03CE2D1244C8CC9000A1717 /* PostListViewModel.swift in Sources */,
				D035F83E244F16B9005FC1C3 /* DrawerView.swift in Sources */,
				D0B6FAF8244BE276007EABA0 /* CommerceDetails.swift in Sources */,
				D03CE2CB244C890F000A1717 /* HomeModel.swift in Sources */,
				D0B6FAF6244B871E007EABA0 /* HomeView.swift in Sources */,
				D035F840244F1D5A005FC1C3 /* GeneralSetting.swift in Sources */,
				D0E57120244928A70098571F /* SceneDelegate.swift in Sources */,
				D03CE2CE244C892E000A1717 /* WebServices.swift in Sources */,
				D0E57122244928A70098571F /* ContentView.swift in Sources */,
			);
			runOnlyForDeploymentPostprocessing = 0;
		};
/* End PBXSourcesBuildPhase section */

/* Begin PBXVariantGroup section */
		D0E57128244928AD0098571F /* LaunchScreen.storyboard */ = {
			isa = PBXVariantGroup;
			children = (
				D0E57129244928AD0098571F /* Base */,
			);
			name = LaunchScreen.storyboard;
			sourceTree = "<group>";
		};
/* End PBXVariantGroup section */

/* Begin XCBuildConfiguration section */
		D0E5712C244928AD0098571F /* Debug */ = {
			isa = XCBuildConfiguration;
			buildSettings = {
				ALWAYS_SEARCH_USER_PATHS = NO;
				CLANG_ANALYZER_NONNULL = YES;
				CLANG_ANALYZER_NUMBER_OBJECT_CONVERSION = YES_AGGRESSIVE;
				CLANG_CXX_LANGUAGE_STANDARD = "gnu++14";
				CLANG_CXX_LIBRARY = "libc++";
				CLANG_ENABLE_MODULES = YES;
				CLANG_ENABLE_OBJC_ARC = YES;
				CLANG_ENABLE_OBJC_WEAK = YES;
				CLANG_WARN_BLOCK_CAPTURE_AUTORELEASING = YES;
				CLANG_WARN_BOOL_CONVERSION = YES;
				CLANG_WARN_COMMA = YES;
				CLANG_WARN_CONSTANT_CONVERSION = YES;
				CLANG_WARN_DEPRECATED_OBJC_IMPLEMENTATIONS = YES;
				CLANG_WARN_DIRECT_OBJC_ISA_USAGE = YES_ERROR;
				CLANG_WARN_DOCUMENTATION_COMMENTS = YES;
				CLANG_WARN_EMPTY_BODY = YES;
				CLANG_WARN_ENUM_CONVERSION = YES;
				CLANG_WARN_INFINITE_RECURSION = YES;
				CLANG_WARN_INT_CONVERSION = YES;
				CLANG_WARN_NON_LITERAL_NULL_CONVERSION = YES;
				CLANG_WARN_OBJC_IMPLICIT_RETAIN_SELF = YES;
				CLANG_WARN_OBJC_LITERAL_CONVERSION = YES;
				CLANG_WARN_OBJC_ROOT_CLASS = YES_ERROR;
				CLANG_WARN_RANGE_LOOP_ANALYSIS = YES;
				CLANG_WARN_STRICT_PROTOTYPES = YES;
				CLANG_WARN_SUSPICIOUS_MOVE = YES;
				CLANG_WARN_UNGUARDED_AVAILABILITY = YES_AGGRESSIVE;
				CLANG_WARN_UNREACHABLE_CODE = YES;
				CLANG_WARN__DUPLICATE_METHOD_MATCH = YES;
				COPY_PHASE_STRIP = NO;
				DEBUG_INFORMATION_FORMAT = dwarf;
				ENABLE_STRICT_OBJC_MSGSEND = YES;
				ENABLE_TESTABILITY = YES;
				GCC_C_LANGUAGE_STANDARD = gnu11;
				GCC_DYNAMIC_NO_PIC = NO;
				GCC_NO_COMMON_BLOCKS = YES;
				GCC_OPTIMIZATION_LEVEL = 0;
				GCC_PREPROCESSOR_DEFINITIONS = (
					"DEBUG=1",
					"$(inherited)",
				);
				GCC_WARN_64_TO_32_BIT_CONVERSION = YES;
				GCC_WARN_ABOUT_RETURN_TYPE = YES_ERROR;
				GCC_WARN_UNDECLARED_SELECTOR = YES;
				GCC_WARN_UNINITIALIZED_AUTOS = YES_AGGRESSIVE;
				GCC_WARN_UNUSED_FUNCTION = YES;
				GCC_WARN_UNUSED_VARIABLE = YES;
				IPHONEOS_DEPLOYMENT_TARGET = 13.3;
				MTL_ENABLE_DEBUG_INFO = INCLUDE_SOURCE;
				MTL_FAST_MATH = YES;
				ONLY_ACTIVE_ARCH = YES;
				SDKROOT = iphoneos;
				SWIFT_ACTIVE_COMPILATION_CONDITIONS = DEBUG;
				SWIFT_OPTIMIZATION_LEVEL = "-Onone";
			};
			name = Debug;
		};
		D0E5712D244928AD0098571F /* Release */ = {
			isa = XCBuildConfiguration;
			buildSettings = {
				ALWAYS_SEARCH_USER_PATHS = NO;
				CLANG_ANALYZER_NONNULL = YES;
				CLANG_ANALYZER_NUMBER_OBJECT_CONVERSION = YES_AGGRESSIVE;
				CLANG_CXX_LANGUAGE_STANDARD = "gnu++14";
				CLANG_CXX_LIBRARY = "libc++";
				CLANG_ENABLE_MODULES = YES;
				CLANG_ENABLE_OBJC_ARC = YES;
				CLANG_ENABLE_OBJC_WEAK = YES;
				CLANG_WARN_BLOCK_CAPTURE_AUTORELEASING = YES;
				CLANG_WARN_BOOL_CONVERSION = YES;
				CLANG_WARN_COMMA = YES;
				CLANG_WARN_CONSTANT_CONVERSION = YES;
				CLANG_WARN_DEPRECATED_OBJC_IMPLEMENTATIONS = YES;
				CLANG_WARN_DIRECT_OBJC_ISA_USAGE = YES_ERROR;
				CLANG_WARN_DOCUMENTATION_COMMENTS = YES;
				CLANG_WARN_EMPTY_BODY = YES;
				CLANG_WARN_ENUM_CONVERSION = YES;
				CLANG_WARN_INFINITE_RECURSION = YES;
				CLANG_WARN_INT_CONVERSION = YES;
				CLANG_WARN_NON_LITERAL_NULL_CONVERSION = YES;
				CLANG_WARN_OBJC_IMPLICIT_RETAIN_SELF = YES;
				CLANG_WARN_OBJC_LITERAL_CONVERSION = YES;
				CLANG_WARN_OBJC_ROOT_CLASS = YES_ERROR;
				CLANG_WARN_RANGE_LOOP_ANALYSIS = YES;
				CLANG_WARN_STRICT_PROTOTYPES = YES;
				CLANG_WARN_SUSPICIOUS_MOVE = YES;
				CLANG_WARN_UNGUARDED_AVAILABILITY = YES_AGGRESSIVE;
				CLANG_WARN_UNREACHABLE_CODE = YES;
				CLANG_WARN__DUPLICATE_METHOD_MATCH = YES;
				COPY_PHASE_STRIP = NO;
				DEBUG_INFORMATION_FORMAT = "dwarf-with-dsym";
				ENABLE_NS_ASSERTIONS = NO;
				ENABLE_STRICT_OBJC_MSGSEND = YES;
				GCC_C_LANGUAGE_STANDARD = gnu11;
				GCC_NO_COMMON_BLOCKS = YES;
				GCC_WARN_64_TO_32_BIT_CONVERSION = YES;
				GCC_WARN_ABOUT_RETURN_TYPE = YES_ERROR;
				GCC_WARN_UNDECLARED_SELECTOR = YES;
				GCC_WARN_UNINITIALIZED_AUTOS = YES_AGGRESSIVE;
				GCC_WARN_UNUSED_FUNCTION = YES;
				GCC_WARN_UNUSED_VARIABLE = YES;
				IPHONEOS_DEPLOYMENT_TARGET = 13.3;
				MTL_ENABLE_DEBUG_INFO = NO;
				MTL_FAST_MATH = YES;
				SDKROOT = iphoneos;
				SWIFT_COMPILATION_MODE = wholemodule;
				SWIFT_OPTIMIZATION_LEVEL = "-O";
				VALIDATE_PRODUCT = YES;
			};
			name = Release;
		};
		D0E5712F244928AD0098571F /* Debug */ = {
			isa = XCBuildConfiguration;
			buildSettings = {
				ASSETCATALOG_COMPILER_APPICON_NAME = AppIcon;
				CODE_SIGN_STYLE = Automatic;
				DEVELOPMENT_ASSET_PATHS = "\"zupp/Preview Content\"";
				DEVELOPMENT_TEAM = AJPAWPC998;
				ENABLE_PREVIEWS = YES;
				INFOPLIST_FILE = zupp/Info.plist;
				LD_RUNPATH_SEARCH_PATHS = (
					"$(inherited)",
					"@executable_path/Frameworks",
				);
				PRODUCT_BUNDLE_IDENTIFIER = com.dimoit.zupp;
				PRODUCT_NAME = "$(TARGET_NAME)";
				SWIFT_VERSION = 5.0;
				TARGETED_DEVICE_FAMILY = "1,2";
			};
			name = Debug;
		};
		D0E57130244928AD0098571F /* Release */ = {
			isa = XCBuildConfiguration;
			buildSettings = {
				ASSETCATALOG_COMPILER_APPICON_NAME = AppIcon;
				CODE_SIGN_STYLE = Automatic;
				DEVELOPMENT_ASSET_PATHS = "\"zupp/Preview Content\"";
				DEVELOPMENT_TEAM = A94EY677KC;
				ENABLE_PREVIEWS = YES;
				INFOPLIST_FILE = zupp/Info.plist;
				LD_RUNPATH_SEARCH_PATHS = (
					"$(inherited)",
					"@executable_path/Frameworks",
				);
				PRODUCT_BUNDLE_IDENTIFIER = com.dimoit.zupp;
				PRODUCT_NAME = "$(TARGET_NAME)";
				SWIFT_VERSION = 5.0;
				TARGETED_DEVICE_FAMILY = "1,2";
			};
			name = Release;
		};
/* End XCBuildConfiguration section */

/* Begin XCConfigurationList section */
		D0E57115244928A70098571F /* Build configuration list for PBXProject "zupp" */ = {
			isa = XCConfigurationList;
			buildConfigurations = (
				D0E5712C244928AD0098571F /* Debug */,
				D0E5712D244928AD0098571F /* Release */,
			);
			defaultConfigurationIsVisible = 0;
			defaultConfigurationName = Release;
		};
		D0E5712E244928AD0098571F /* Build configuration list for PBXNativeTarget "zupp" */ = {
			isa = XCConfigurationList;
			buildConfigurations = (
				D0E5712F244928AD0098571F /* Debug */,
				D0E57130244928AD0098571F /* Release */,
			);
			defaultConfigurationIsVisible = 0;
			defaultConfigurationName = Release;
		};
/* End XCConfigurationList section */

/* Begin XCRemoteSwiftPackageReference section */
		D035F85E244F4224005FC1C3 /* XCRemoteSwiftPackageReference "swiftui-navigation-stack" */ = {
			isa = XCRemoteSwiftPackageReference;
			repositoryURL = "https://github.com/biobeats/swiftui-navigation-stack.git";
			requirement = {
				branch = master;
				kind = branch;
			};
		};
		D03A97E9244E72340059F752 /* XCRemoteSwiftPackageReference "ASCollectionView" */ = {
			isa = XCRemoteSwiftPackageReference;
			repositoryURL = "https://github.com/apptekstudios/ASCollectionView";
			requirement = {
				kind = upToNextMajorVersion;
				minimumVersion = 1.5.0;
			};
		};
		D0E57134244936A00098571F /* XCRemoteSwiftPackageReference "RemoteImage" */ = {
			isa = XCRemoteSwiftPackageReference;
			repositoryURL = "https://github.com/crelies/RemoteImage.git";
			requirement = {
				kind = upToNextMajorVersion;
				minimumVersion = 2.0.2;
			};
		};
		D0FCE115244D402700CDE29A /* XCRemoteSwiftPackageReference "Alamofire" */ = {
			isa = XCRemoteSwiftPackageReference;
			repositoryURL = "https://github.com/Alamofire/Alamofire.git";
			requirement = {
				kind = upToNextMajorVersion;
				minimumVersion = 5.1.0;
			};
		};
		D0FCE118244D40C200CDE29A /* XCRemoteSwiftPackageReference "SwiftyJSON" */ = {
			isa = XCRemoteSwiftPackageReference;
			repositoryURL = "https://github.com/SwiftyJSON/SwiftyJSON.git";
			requirement = {
				kind = upToNextMajorVersion;
				minimumVersion = 5.0.0;
			};
		};
/* End XCRemoteSwiftPackageReference section */

/* Begin XCSwiftPackageProductDependency section */
		D035F85F244F4224005FC1C3 /* NavigationStack */ = {
			isa = XCSwiftPackageProductDependency;
			package = D035F85E244F4224005FC1C3 /* XCRemoteSwiftPackageReference "swiftui-navigation-stack" */;
			productName = NavigationStack;
		};
		D03A97EA244E72340059F752 /* ASCollectionView */ = {
			isa = XCSwiftPackageProductDependency;
			package = D03A97E9244E72340059F752 /* XCRemoteSwiftPackageReference "ASCollectionView" */;
			productName = ASCollectionView;
		};
		D0E57135244936A00098571F /* RemoteImage */ = {
			isa = XCSwiftPackageProductDependency;
			package = D0E57134244936A00098571F /* XCRemoteSwiftPackageReference "RemoteImage" */;
			productName = RemoteImage;
		};
		D0FCE116244D402700CDE29A /* Alamofire */ = {
			isa = XCSwiftPackageProductDependency;
			package = D0FCE115244D402700CDE29A /* XCRemoteSwiftPackageReference "Alamofire" */;
			productName = Alamofire;
		};
		D0FCE119244D40C200CDE29A /* SwiftyJSON */ = {
			isa = XCSwiftPackageProductDependency;
			package = D0FCE118244D40C200CDE29A /* XCRemoteSwiftPackageReference "SwiftyJSON" */;
			productName = SwiftyJSON;
		};
/* End XCSwiftPackageProductDependency section */
	};
	rootObject = D0E57112244928A70098571F /* Project object */;
}
